
Microsoft Visual Studio Solution File, Format Version 12.00
# Visual Studio 2017
Project("{FAE04EC0-301F-11D3-BF4B-00C04F79EFBC}") = "unity_farm", "unity_farm.csproj", "{55A6A210-665D-8E8D-A370-5B03E274AB8B}"
EndProject
Global
	GlobalSection(SolutionConfigurationPlatforms) = preSolution
		Debug|Any CPU = Debug|Any CPU
		Release|Any CPU = Release|Any CPU
	EndGlobalSection
	GlobalSection(ProjectConfigurationPlatforms) = postSolution
		{55A6A210-665D-8E8D-A370-5B03E274AB8B}.Debug|Any CPU.ActiveCfg = Debug|Any CPU
		{55A6A210-665D-8E8D-A370-5B03E274AB8B}.Debug|Any CPU.Build.0 = Debug|Any CPU
		{55A6A210-665D-8E8D-A370-5B03E274AB8B}.Release|Any CPU.ActiveCfg = Release|Any CPU
		{55A6A210-665D-8E8D-A370-5B03E274AB8B}.Release|Any CPU.Build.0 = Release|Any CPU
	EndGlobalSection
	GlobalSection(SolutionProperties) = preSolution
		HideSolutionNode = FALSE
	EndGlobalSection
EndGlobal
